{
    "_readme": [
        "This file locks the dependencies of your project to a known state",
        "Read more about it at https://getcomposer.org/doc/01-basic-usage.md#composer-lock-the-lock-file",
        "This file is @generated automatically"
    ],
    "hash": "46b5c76fd87d4a827c8e99e4025eb7e2",
    "packages": [
        {
            "name": "goodby/csv",
            "version": "dev-master",
            "source": {
                "type": "git",
                "url": "https://github.com/goodby/csv.git",
                "reference": "6760826116c9a9552a6481839c8c40ad134aab98"
            },
            "dist": {
                "type": "zip",
                "url": "https://api.github.com/repos/goodby/csv/zipball/6760826116c9a9552a6481839c8c40ad134aab98",
                "reference": "6760826116c9a9552a6481839c8c40ad134aab98",
                "shasum": ""
            },
            "require": {
                "ext-mbstring": "*",
                "php": ">=5.3.2"
            },
            "require-dev": {
                "mikey179/vfsstream": ">=1.1.0",
                "mockery/mockery": ">=0.7.2",
                "phpunit/phpunit": "3.7.*",
                "suin/php-expose": ">=1.0"
            },
            "type": "library",
            "autoload": {
                "psr-0": {
                    "Goodby\\CSV": "src/"
                }
            },
            "notification-url": "https://packagist.org/downloads/",
            "license": [
                "MIT"
            ],
            "authors": [
                {
                    "name": "suin",
                    "email": "suinyeze@gmail.com",
                    "homepage": "https://www.facebook.com/suinyeze",
                    "role": "Developer, Renaming Specialist"
                },
                {
                    "name": "reoring",
                    "email": "mori.reo@gmail.com",
                    "homepage": "https://www.facebook.com/reoring",
                    "role": "Developer"
                }
            ],
            "description": "CSV import/export library",
            "homepage": "https://github.com/goodby/csv",
            "keywords": [
                "csv",
                "export",
                "import"
            ],
            "time": "2015-05-09 07:14:19"
        },
        {
            "name": "jasonpriem/human-name-parser",
            "version": "dev-master",
            "source": {
                "type": "git",
                "url": "https://github.com/jasonpriem/HumanNameParser.php.git",
                "reference": "52b72770f88a751367e21cbf60bf8ab0359c3cf0"
            },
            "dist": {
                "type": "zip",
                "url": "https://api.github.com/repos/jasonpriem/HumanNameParser.php/zipball/52b72770f88a751367e21cbf60bf8ab0359c3cf0",
                "reference": "52b72770f88a751367e21cbf60bf8ab0359c3cf0",
                "shasum": ""
            },
            "type": "library",
            "autoload": {
                "classmap": [
                    "Name.php",
                    "Parser.php"
                ]
            },
            "notification-url": "https://packagist.org/downloads/",
            "description": "Takes human names of arbitrary complexity and various wacky formats and parses them out.",
            "time": "2013-12-04 16:18:52"
        }
    ],
    "packages-dev": [],
    "aliases": [],
    "minimum-stability": "stable",
    "stability-flags": {
        "goodby/csv": 20,
        "jasonpriem/human-name-parser": 20
    },
    "prefer-stable": false,
    "prefer-lowest": false,
    "platform": {
        "php": ">=5.3.0",
        "ext-curl": "*"
    },
    "platform-dev": []
}
